
Microsoft Visual Studio Solution File, Format Version 12.00
# Visual Studio Version 17
VisualStudioVersion = 17.0.31903.59
MinimumVisualStudioVersion = 10.0.40219.1
Project("{FAE04EC0-301F-11D3-BF4B-00C04F79EFBC}") = "BestelAppBoeken.Core", "BestelAppBoeken.Core\BestelAppBoeken.Core.csproj", "{511D1D2B-7C03-427F-B99D-A77CDD467D17}"
EndProject
Project("{FAE04EC0-301F-11D3-BF4B-00C04F79EFBC}") = "BestelAppBoeken.Infrastructure", "BestelAppBoeken.Infrastructure\BestelAppBoeken.Infrastructure.csproj", "{6AC08A0E-7AE6-4EF9-A2CA-88A84F0262FD}"
EndProject
Project("{FAE04EC0-301F-11D3-BF4B-00C04F79EFBC}") = "BestelAppBoeken.Web", "BestelAppBoeken.Web\BestelAppBoeken.Web.csproj", "{D11DC278-B393-4447-A9C1-99709354938F}"
EndProject
Project("{FAE04EC0-301F-11D3-BF4B-00C04F79EFBC}") = "BestelAppBoeken.Receiver", "BestelAppBoeken.Receiver\BestelAppBoeken.Receiver.csproj", "{D5698727-05D0-41DC-B799-B4C6B332186D}"
EndProject
Global
	GlobalSection(SolutionConfigurationPlatforms) = preSolution
		Debug|Any CPU = Debug|Any CPU
		Debug|x64 = Debug|x64
		Debug|x86 = Debug|x86
		Release|Any CPU = Release|Any CPU
		Release|x64 = Release|x64
		Release|x86 = Release|x86
	EndGlobalSection
	GlobalSection(ProjectConfigurationPlatforms) = postSolution
		{511D1D2B-7C03-427F-B99D-A77CDD467D17}.Debug|Any CPU.ActiveCfg = Debug|Any CPU
		{511D1D2B-7C03-427F-B99D-A77CDD467D17}.Debug|Any CPU.Build.0 = Debug|Any CPU
		{511D1D2B-7C03-427F-B99D-A77CDD467D17}.Debug|x64.ActiveCfg = Debug|Any CPU
		{511D1D2B-7C03-427F-B99D-A77CDD467D17}.Debug|x64.Build.0 = Debug|Any CPU
		{511D1D2B-7C03-427F-B99D-A77CDD467D17}.Debug|x86.ActiveCfg = Debug|Any CPU
		{511D1D2B-7C03-427F-B99D-A77CDD467D17}.Debug|x86.Build.0 = Debug|Any CPU
		{511D1D2B-7C03-427F-B99D-A77CDD467D17}.Release|Any CPU.ActiveCfg = Release|Any CPU
		{511D1D2B-7C03-427F-B99D-A77CDD467D17}.Release|Any CPU.Build.0 = Release|Any CPU
		{511D1D2B-7C03-427F-B99D-A77CDD467D17}.Release|x64.ActiveCfg = Release|Any CPU
		{511D1D2B-7C03-427F-B99D-A77CDD467D17}.Release|x64.Build.0 = Release|Any CPU
		{511D1D2B-7C03-427F-B99D-A77CDD467D17}.Release|x86.ActiveCfg = Release|Any CPU
		{511D1D2B-7C03-427F-B99D-A77CDD467D17}.Release|x86.Build.0 = Release|Any CPU
		{6AC08A0E-7AE6-4EF9-A2CA-88A84F0262FD}.Debug|Any CPU.ActiveCfg = Debug|Any CPU
		{6AC08A0E-7AE6-4EF9-A2CA-88A84F0262FD}.Debug|Any CPU.Build.0 = Debug|Any CPU
		{6AC08A0E-7AE6-4EF9-A2CA-88A84F0262FD}.Debug|x64.ActiveCfg = Debug|Any CPU
		{6AC08A0E-7AE6-4EF9-A2CA-88A84F0262FD}.Debug|x64.Build.0 = Debug|Any CPU
		{6AC08A0E-7AE6-4EF9-A2CA-88A84F0262FD}.Debug|x86.ActiveCfg = Debug|Any CPU
		{6AC08A0E-7AE6-4EF9-A2CA-88A84F0262FD}.Debug|x86.Build.0 = Debug|Any CPU
		{6AC08A0E-7AE6-4EF9-A2CA-88A84F0262FD}.Release|Any CPU.ActiveCfg = Release|Any CPU
		{6AC08A0E-7AE6-4EF9-A2CA-88A84F0262FD}.Release|Any CPU.Build.0 = Release|Any CPU
		{6AC08A0E-7AE6-4EF9-A2CA-88A84F0262FD}.Release|x64.ActiveCfg = Release|Any CPU
		{6AC08A0E-7AE6-4EF9-A2CA-88A84F0262FD}.Release|x64.Build.0 = Release|Any CPU
		{6AC08A0E-7AE6-4EF9-A2CA-88A84F0262FD}.Release|x86.ActiveCfg = Release|Any CPU
		{6AC08A0E-7AE6-4EF9-A2CA-88A84F0262FD}.Release|x86.Build.0 = Release|Any CPU
		{D11DC278-B393-4447-A9C1-99709354938F}.Debug|Any CPU.ActiveCfg = Debug|Any CPU
		{D11DC278-B393-4447-A9C1-99709354938F}.Debug|Any CPU.Build.0 = Debug|Any CPU
		{D11DC278-B393-4447-A9C1-99709354938F}.Debug|x64.ActiveCfg = Debug|Any CPU
		{D11DC278-B393-4447-A9C1-99709354938F}.Debug|x64.Build.0 = Debug|Any CPU
		{D11DC278-B393-4447-A9C1-99709354938F}.Debug|x86.ActiveCfg = Debug|Any CPU
		{D11DC278-B393-4447-A9C1-99709354938F}.Debug|x86.Build.0 = Debug|Any CPU
		{D11DC278-B393-4447-A9C1-99709354938F}.Release|Any CPU.ActiveCfg = Release|Any CPU
		{D11DC278-B393-4447-A9C1-99709354938F}.Release|Any CPU.Build.0 = Release|Any CPU
		{D11DC278-B393-4447-A9C1-99709354938F}.Release|x64.ActiveCfg = Release|Any CPU
		{D11DC278-B393-4447-A9C1-99709354938F}.Release|x64.Build.0 = Release|Any CPU
		{D11DC278-B393-4447-A9C1-99709354938F}.Release|x86.ActiveCfg = Release|Any CPU
		{D11DC278-B393-4447-A9C1-99709354938F}.Release|x86.Build.0 = Release|Any CPU
		{D5698727-05D0-41DC-B799-B4C6B332186D}.Debug|Any CPU.ActiveCfg = Debug|Any CPU
		{D5698727-05D0-41DC-B799-B4C6B332186D}.Debug|Any CPU.Build.0 = Debug|Any CPU
		{D5698727-05D0-41DC-B799-B4C6B332186D}.Debug|x64.ActiveCfg = Debug|Any CPU
		{D5698727-05D0-41DC-B799-B4C6B332186D}.Debug|x64.Build.0 = Debug|Any CPU
		{D5698727-05D0-41DC-B799-B4C6B332186D}.Debug|x86.ActiveCfg = Debug|Any CPU
		{D5698727-05D0-41DC-B799-B4C6B332186D}.Debug|x86.Build.0 = Debug|Any CPU
		{D5698727-05D0-41DC-B799-B4C6B332186D}.Release|Any CPU.ActiveCfg = Release|Any CPU
		{D5698727-05D0-41DC-B799-B4C6B332186D}.Release|Any CPU.Build.0 = Release|Any CPU
		{D5698727-05D0-41DC-B799-B4C6B332186D}.Release|x64.ActiveCfg = Release|Any CPU
		{D5698727-05D0-41DC-B799-B4C6B332186D}.Release|x64.Build.0 = Release|Any CPU
		{D5698727-05D0-41DC-B799-B4C6B332186D}.Release|x86.ActiveCfg = Release|Any CPU
		{D5698727-05D0-41DC-B799-B4C6B332186D}.Release|x86.Build.0 = Release|Any CPU
	EndGlobalSection
	GlobalSection(SolutionProperties) = preSolution
		HideSolutionNode = FALSE
	EndGlobalSection
EndGlobal
